
Microsoft Visual Studio Solution File, Format Version 12.00
# Visual Studio Version 16
VisualStudioVersion = 16.0.33214.272
MinimumVisualStudioVersion = 10.0.40219.1
Project("{FAE04EC0-301F-11D3-BF4B-00C04F79EFBC}") = "zd1_Gurina", "zd1_Gurina.csproj", "{F8463ADD-5556-456B-BC68-29708ECF3496}"
EndProject
Global
	GlobalSection(SolutionConfigurationPlatforms) = preSolution
		Debug|Any CPU = Debug|Any CPU
		Release|Any CPU = Release|Any CPU
	EndGlobalSection
	GlobalSection(ProjectConfigurationPlatforms) = postSolution
		{F8463ADD-5556-456B-BC68-29708ECF3496}.Debug|Any CPU.ActiveCfg = Debug|Any CPU
		{F8463ADD-5556-456B-BC68-29708ECF3496}.Debug|Any CPU.Build.0 = Debug|Any CPU
		{F8463ADD-5556-456B-BC68-29708ECF3496}.Release|Any CPU.ActiveCfg = Release|Any CPU
		{F8463ADD-5556-456B-BC68-29708ECF3496}.Release|Any CPU.Build.0 = Release|Any CPU
	EndGlobalSection
	GlobalSection(SolutionProperties) = preSolution
		HideSolutionNode = FALSE
	EndGlobalSection
	GlobalSection(ExtensibilityGlobals) = postSolution
		SolutionGuid = {DC1985A6-E702-41F0-99E4-473DB3A24FF3}
	EndGlobalSection
EndGlobal
